
Microsoft Visual Studio Solution File, Format Version 12.00
# Visual Studio Version 17
VisualStudioVersion = 17.3.32819.101
MinimumVisualStudioVersion = 10.0.40219.1
Project("{FAE04EC0-301F-11D3-BF4B-00C04F79EFBC}") = "CalcWithAccums - Patricia Hayes", "CalcWithAccums - Patricia Hayes.csproj", "{71729EAA-68F8-4C9B-8DB2-C5F636EB7269}"
EndProject
Global
	GlobalSection(SolutionConfigurationPlatforms) = preSolution
		Debug|Any CPU = Debug|Any CPU
		Release|Any CPU = Release|Any CPU
	EndGlobalSection
	GlobalSection(ProjectConfigurationPlatforms) = postSolution
		{71729EAA-68F8-4C9B-8DB2-C5F636EB7269}.Debug|Any CPU.ActiveCfg = Debug|Any CPU
		{71729EAA-68F8-4C9B-8DB2-C5F636EB7269}.Debug|Any CPU.Build.0 = Debug|Any CPU
		{71729EAA-68F8-4C9B-8DB2-C5F636EB7269}.Release|Any CPU.ActiveCfg = Release|Any CPU
		{71729EAA-68F8-4C9B-8DB2-C5F636EB7269}.Release|Any CPU.Build.0 = Release|Any CPU
	EndGlobalSection
	GlobalSection(SolutionProperties) = preSolution
		HideSolutionNode = FALSE
	EndGlobalSection
	GlobalSection(ExtensibilityGlobals) = postSolution
		SolutionGuid = {51F5EED2-B054-49D2-A5BD-BA3685371C91}
	EndGlobalSection
EndGlobal
