
Microsoft Visual Studio Solution File, Format Version 12.00
# Visual Studio Version 17
VisualStudioVersion = 17.3.32819.101
MinimumVisualStudioVersion = 10.0.40219.1
Project("{FAE04EC0-301F-11D3-BF4B-00C04F79EFBC}") = "CardIdentifier - Patricia Hayes", "CardIdentifier - Patricia Hayes\CardIdentifier - Patricia Hayes.csproj", "{2291C1C4-192D-4657-8C9B-264C81B5ECF4}"
EndProject
Global
	GlobalSection(SolutionConfigurationPlatforms) = preSolution
		Debug|Any CPU = Debug|Any CPU
		Release|Any CPU = Release|Any CPU
	EndGlobalSection
	GlobalSection(ProjectConfigurationPlatforms) = postSolution
		{2291C1C4-192D-4657-8C9B-264C81B5ECF4}.Debug|Any CPU.ActiveCfg = Debug|Any CPU
		{2291C1C4-192D-4657-8C9B-264C81B5ECF4}.Debug|Any CPU.Build.0 = Debug|Any CPU
		{2291C1C4-192D-4657-8C9B-264C81B5ECF4}.Release|Any CPU.ActiveCfg = Release|Any CPU
		{2291C1C4-192D-4657-8C9B-264C81B5ECF4}.Release|Any CPU.Build.0 = Release|Any CPU
	EndGlobalSection
	GlobalSection(SolutionProperties) = preSolution
		HideSolutionNode = FALSE
	EndGlobalSection
	GlobalSection(ExtensibilityGlobals) = postSolution
		SolutionGuid = {B4868679-D5F2-488D-A469-1C70731B2EBD}
	EndGlobalSection
EndGlobal
