
Microsoft Visual Studio Solution File, Format Version 12.00
# Visual Studio Version 17
VisualStudioVersion = 17.3.32819.101
MinimumVisualStudioVersion = 10.0.40219.1
Project("{FAE04EC0-301F-11D3-BF4B-00C04F79EFBC}") = "Flags", "Flags\Flags.csproj", "{1206BD03-A18C-4400-BBA9-2637DB2FC43A}"
EndProject
Global
	GlobalSection(SolutionConfigurationPlatforms) = preSolution
		Debug|Any CPU = Debug|Any CPU
		Release|Any CPU = Release|Any CPU
	EndGlobalSection
	GlobalSection(ProjectConfigurationPlatforms) = postSolution
		{1206BD03-A18C-4400-BBA9-2637DB2FC43A}.Debug|Any CPU.ActiveCfg = Debug|Any CPU
		{1206BD03-A18C-4400-BBA9-2637DB2FC43A}.Debug|Any CPU.Build.0 = Debug|Any CPU
		{1206BD03-A18C-4400-BBA9-2637DB2FC43A}.Release|Any CPU.ActiveCfg = Release|Any CPU
		{1206BD03-A18C-4400-BBA9-2637DB2FC43A}.Release|Any CPU.Build.0 = Release|Any CPU
	EndGlobalSection
	GlobalSection(SolutionProperties) = preSolution
		HideSolutionNode = FALSE
	EndGlobalSection
	GlobalSection(ExtensibilityGlobals) = postSolution
		SolutionGuid = {DDC05941-D6E9-492F-8C5C-CB859470EF7C}
	EndGlobalSection
EndGlobal
