
Microsoft Visual Studio Solution File, Format Version 12.00
# Visual Studio Version 17
VisualStudioVersion = 17.3.32819.101
MinimumVisualStudioVersion = 10.0.40219.1
Project("{FAE04EC0-301F-11D3-BF4B-00C04F79EFBC}") = "Language Translator", "Language Translator\Language Translator.csproj", "{877163E1-E545-4F7D-9212-F59FB67EBD01}"
EndProject
Global
	GlobalSection(SolutionConfigurationPlatforms) = preSolution
		Debug|Any CPU = Debug|Any CPU
		Release|Any CPU = Release|Any CPU
	EndGlobalSection
	GlobalSection(ProjectConfigurationPlatforms) = postSolution
		{877163E1-E545-4F7D-9212-F59FB67EBD01}.Debug|Any CPU.ActiveCfg = Debug|Any CPU
		{877163E1-E545-4F7D-9212-F59FB67EBD01}.Debug|Any CPU.Build.0 = Debug|Any CPU
		{877163E1-E545-4F7D-9212-F59FB67EBD01}.Release|Any CPU.ActiveCfg = Release|Any CPU
		{877163E1-E545-4F7D-9212-F59FB67EBD01}.Release|Any CPU.Build.0 = Release|Any CPU
	EndGlobalSection
	GlobalSection(SolutionProperties) = preSolution
		HideSolutionNode = FALSE
	EndGlobalSection
	GlobalSection(ExtensibilityGlobals) = postSolution
		SolutionGuid = {856E7F10-758F-482A-B260-67E5A7FF0D09}
	EndGlobalSection
EndGlobal
