
Microsoft Visual Studio Solution File, Format Version 12.00
# Visual Studio Version 17
VisualStudioVersion = 17.3.32819.101
MinimumVisualStudioVersion = 10.0.40219.1
Project("{FAE04EC0-301F-11D3-BF4B-00C04F79EFBC}") = "MathLibCircleInfo - Patricia Hayes", "MathLibCircleInfo - Patricia Hayes.csproj", "{7154A9D7-CD98-4D4D-9589-F682F29C573D}"
EndProject
Global
	GlobalSection(SolutionConfigurationPlatforms) = preSolution
		Debug|Any CPU = Debug|Any CPU
		Release|Any CPU = Release|Any CPU
	EndGlobalSection
	GlobalSection(ProjectConfigurationPlatforms) = postSolution
		{7154A9D7-CD98-4D4D-9589-F682F29C573D}.Debug|Any CPU.ActiveCfg = Debug|Any CPU
		{7154A9D7-CD98-4D4D-9589-F682F29C573D}.Debug|Any CPU.Build.0 = Debug|Any CPU
		{7154A9D7-CD98-4D4D-9589-F682F29C573D}.Release|Any CPU.ActiveCfg = Release|Any CPU
		{7154A9D7-CD98-4D4D-9589-F682F29C573D}.Release|Any CPU.Build.0 = Release|Any CPU
	EndGlobalSection
	GlobalSection(SolutionProperties) = preSolution
		HideSolutionNode = FALSE
	EndGlobalSection
	GlobalSection(ExtensibilityGlobals) = postSolution
		SolutionGuid = {ECFC29C9-20D2-4062-BB45-44F9573181E5}
	EndGlobalSection
EndGlobal
